// !$*UTF8*$!
{
	archiveVersion = 1;
	classes = {
	};
	objectVersion = 46;
	objects = {

/* Begin PBXBuildFile section */
		6E0741C0159474BB000C480E /* UIKit.framework in Frameworks */ = {isa = PBXBuildFile; fileRef = 6E0741BF159474BB000C480E /* UIKit.framework */; };
		6E0741C2159474BB000C480E /* Foundation.framework in Frameworks */ = {isa = PBXBuildFile; fileRef = 6E0741C1159474BB000C480E /* Foundation.framework */; };
		6E0741C4159474BB000C480E /* CoreGraphics.framework in Frameworks */ = {isa = PBXBuildFile; fileRef = 6E0741C3159474BB000C480E /* CoreGraphics.framework */; };
		6E0741C6159474BB000C480E /* CoreData.framework in Frameworks */ = {isa = PBXBuildFile; fileRef = 6E0741C5159474BB000C480E /* CoreData.framework */; };
		6E0741CC159474BB000C480E /* InfoPlist.strings in Resources */ = {isa = PBXBuildFile; fileRef = 6E0741CA159474BB000C480E /* InfoPlist.strings */; };
		6E0741CE159474BB000C480E /* main.m in Sources */ = {isa = PBXBuildFile; fileRef = 6E0741CD159474BB000C480E /* main.m */; };
		6E0741D2159474BB000C480E /* SmartSourceAppDelegate.m in Sources */ = {isa = PBXBuildFile; fileRef = 6E0741D1159474BB000C480E /* SmartSourceAppDelegate.m */; };
		6E0741D5159474BB000C480E /* MainStoryboard.storyboard in Resources */ = {isa = PBXBuildFile; fileRef = 6E0741D3159474BB000C480E /* MainStoryboard.storyboard */; };
		6E0741DB159474BB000C480E /* SmartSourceMasterViewController.m in Sources */ = {isa = PBXBuildFile; fileRef = 6E0741DA159474BB000C480E /* SmartSourceMasterViewController.m */; };
		6E0741EA159479E3000C480E /* DetailTableViewController.m in Sources */ = {isa = PBXBuildFile; fileRef = 6E0741E9159479E3000C480E /* DetailTableViewController.m */; };
		6E07420515947B8A000C480E /* NSObject+SBJson.m in Sources */ = {isa = PBXBuildFile; fileRef = 6E0741ED15947B8A000C480E /* NSObject+SBJson.m */; };
		6E07420615947B8A000C480E /* SBJsonParser.m in Sources */ = {isa = PBXBuildFile; fileRef = 6E0741F015947B8A000C480E /* SBJsonParser.m */; };
		6E07420715947B8A000C480E /* SBJsonStreamParser.m in Sources */ = {isa = PBXBuildFile; fileRef = 6E0741F215947B8A000C480E /* SBJsonStreamParser.m */; };
		6E07420815947B8A000C480E /* SBJsonStreamParserAccumulator.m in Sources */ = {isa = PBXBuildFile; fileRef = 6E0741F415947B8A000C480E /* SBJsonStreamParserAccumulator.m */; };
		6E07420915947B8A000C480E /* SBJsonStreamParserAdapter.m in Sources */ = {isa = PBXBuildFile; fileRef = 6E0741F615947B8A000C480E /* SBJsonStreamParserAdapter.m */; };
		6E07420A15947B8A000C480E /* SBJsonStreamParserState.m in Sources */ = {isa = PBXBuildFile; fileRef = 6E0741F815947B8A000C480E /* SBJsonStreamParserState.m */; };
		6E07420B15947B8A000C480E /* SBJsonStreamWriter.m in Sources */ = {isa = PBXBuildFile; fileRef = 6E0741FA15947B8A000C480E /* SBJsonStreamWriter.m */; };
		6E07420C15947B8A000C480E /* SBJsonStreamWriterAccumulator.m in Sources */ = {isa = PBXBuildFile; fileRef = 6E0741FC15947B8A000C480E /* SBJsonStreamWriterAccumulator.m */; };
		6E07420D15947B8A000C480E /* SBJsonStreamWriterState.m in Sources */ = {isa = PBXBuildFile; fileRef = 6E0741FE15947B8A000C480E /* SBJsonStreamWriterState.m */; };
		6E07420E15947B8A000C480E /* SBJsonTokeniser.m in Sources */ = {isa = PBXBuildFile; fileRef = 6E07420015947B8A000C480E /* SBJsonTokeniser.m */; };
		6E07420F15947B8A000C480E /* SBJsonUTF8Stream.m in Sources */ = {isa = PBXBuildFile; fileRef = 6E07420215947B8A000C480E /* SBJsonUTF8Stream.m */; };
		6E07421015947B8A000C480E /* SBJsonWriter.m in Sources */ = {isa = PBXBuildFile; fileRef = 6E07420415947B8A000C480E /* SBJsonWriter.m */; };
		6E07421A15947DD7000C480E /* background.jpg in Resources */ = {isa = PBXBuildFile; fileRef = 6E07421715947DD7000C480E /* background.jpg */; };
		6E07421B15947DD7000C480E /* checkbox.png in Resources */ = {isa = PBXBuildFile; fileRef = 6E07421815947DD7000C480E /* checkbox.png */; };
		6E07421C15947DD7000C480E /* checkedbox.png in Resources */ = {isa = PBXBuildFile; fileRef = 6E07421915947DD7000C480E /* checkedbox.png */; };
		6E07421F15947ED0000C480E /* MenuUIViewController.m in Sources */ = {isa = PBXBuildFile; fileRef = 6E07421E15947ED0000C480E /* MenuUIViewController.m */; };
		6E074223159481A0000C480E /* ComponentsTableViewController.m in Sources */ = {isa = PBXBuildFile; fileRef = 6E074222159481A0000C480E /* ComponentsTableViewController.m */; };
		6E07422A159488B7000C480E /* RatingTableViewViewController.m in Sources */ = {isa = PBXBuildFile; fileRef = 6E074229159488B7000C480E /* RatingTableViewViewController.m */; };
		6E07422D1594905B000C480E /* Slider.m in Sources */ = {isa = PBXBuildFile; fileRef = 6E07422C1594905A000C480E /* Slider.m */; };
		6E109D6015A1B66F00D3C9F0 /* settings.jpg in Resources */ = {isa = PBXBuildFile; fileRef = 6E109D5B15A1B66F00D3C9F0 /* settings.jpg */; };
		6E109D6115A1B66F00D3C9F0 /* projects.jpg in Resources */ = {isa = PBXBuildFile; fileRef = 6E109D5C15A1B66F00D3C9F0 /* projects.jpg */; };
		6E109D6215A1B66F00D3C9F0 /* help1.jpg in Resources */ = {isa = PBXBuildFile; fileRef = 6E109D5D15A1B66F00D3C9F0 /* help1.jpg */; };
		6E109D6315A1B66F00D3C9F0 /* analysis2.jpg in Resources */ = {isa = PBXBuildFile; fileRef = 6E109D5E15A1B66F00D3C9F0 /* analysis2.jpg */; };
		6E109D6415A1B66F00D3C9F0 /* analysis1.jpg in Resources */ = {isa = PBXBuildFile; fileRef = 6E109D5F15A1B66F00D3C9F0 /* analysis1.jpg */; };
		6E109D6815A1C0A700D3C9F0 /* AlertView.m in Sources */ = {isa = PBXBuildFile; fileRef = 6E109D6715A1C0A700D3C9F0 /* AlertView.m */; };
		6E109D6B15A1CFAC00D3C9F0 /* SettingsTableViewControllerViewController.m in Sources */ = {isa = PBXBuildFile; fileRef = 6E109D6A15A1CFAC00D3C9F0 /* SettingsTableViewControllerViewController.m */; };
		6E1C639F15A4AF7700A5DDF5 /* ResultMasterViewController.m in Sources */ = {isa = PBXBuildFile; fileRef = 6E1C639E15A4AF7700A5DDF5 /* ResultMasterViewController.m */; };
		6E1C63A215A4C78700A5DDF5 /* ShowClassificationTableViewController.m in Sources */ = {isa = PBXBuildFile; fileRef = 6E1C63A115A4C78700A5DDF5 /* ShowClassificationTableViewController.m */; };
		6E5907A415A5AD910064FD93 /* BNColor.m in Sources */ = {isa = PBXBuildFile; fileRef = 6E5907A115A5AD910064FD93 /* BNColor.m */; };
		6E5907A515A5AD910064FD93 /* BNPieChart.m in Sources */ = {isa = PBXBuildFile; fileRef = 6E5907A315A5AD910064FD93 /* BNPieChart.m */; };
		6E5907A815A5AEDF0064FD93 /* NSObject+Be.m in Sources */ = {isa = PBXBuildFile; fileRef = 6E5907A715A5AEDE0064FD93 /* NSObject+Be.m */; };
		6E7CF32015A78BAD00FEF57A /* ChartViewController.m in Sources */ = {isa = PBXBuildFile; fileRef = 6E7CF31F15A78BAD00FEF57A /* ChartViewController.m */; };
		6E7CF34115A7B16300FEF57A /* Characteristic.m in Sources */ = {isa = PBXBuildFile; fileRef = 6E7CF33215A7B16300FEF57A /* Characteristic.m */; };
		6E7CF34215A7B16300FEF57A /* Characteristic+Factory.m in Sources */ = {isa = PBXBuildFile; fileRef = 6E7CF33415A7B16300FEF57A /* Characteristic+Factory.m */; };
		6E7CF34315A7B16300FEF57A /* Component.m in Sources */ = {isa = PBXBuildFile; fileRef = 6E7CF33615A7B16300FEF57A /* Component.m */; };
		6E7CF34415A7B16300FEF57A /* Component+Factory.m in Sources */ = {isa = PBXBuildFile; fileRef = 6E7CF33815A7B16300FEF57A /* Component+Factory.m */; };
		6E7CF34515A7B16300FEF57A /* Project.m in Sources */ = {isa = PBXBuildFile; fileRef = 6E7CF33A15A7B16300FEF57A /* Project.m */; };
		6E7CF34615A7B16300FEF57A /* Project+Factory.m in Sources */ = {isa = PBXBuildFile; fileRef = 6E7CF33C15A7B16300FEF57A /* Project+Factory.m */; };
		6E7CF34815A7B16300FEF57A /* SuperCharacteristic+Factory.m in Sources */ = {isa = PBXBuildFile; fileRef = 6E7CF34015A7B16300FEF57A /* SuperCharacteristic+Factory.m */; };
		6E7CF35115A7B3C500FEF57A /* CoreDataModel.xcdatamodeld in Sources */ = {isa = PBXBuildFile; fileRef = 6E7CF34F15A7B3C400FEF57A /* CoreDataModel.xcdatamodeld */; };
		6E7CF35415A7B3DF00FEF57A /* SuperCharacteristic.m in Sources */ = {isa = PBXBuildFile; fileRef = 6E7CF35315A7B3DF00FEF57A /* SuperCharacteristic.m */; };
		6E80892115A605EB00654468 /* AvailableCharacteristic+Factory.m in Sources */ = {isa = PBXBuildFile; fileRef = 6E80891E15A605EB00654468 /* AvailableCharacteristic+Factory.m */; };
		6E80892215A605EB00654468 /* AvailableSuperCharacteristic+Factory.m in Sources */ = {isa = PBXBuildFile; fileRef = 6E80892015A605EB00654468 /* AvailableSuperCharacteristic+Factory.m */; };
		6EC9203515A45C140020F3C0 /* DecisionTableViewController.m in Sources */ = {isa = PBXBuildFile; fileRef = 6EC9203415A45C140020F3C0 /* DecisionTableViewController.m */; };
		6EF435F715A6008F00A64201 /* AvailableCharacteristic.m in Sources */ = {isa = PBXBuildFile; fileRef = 6EF435F615A6008F00A64201 /* AvailableCharacteristic.m */; };
		6EF435FA15A6008F00A64201 /* AvailableSuperCharacteristic.m in Sources */ = {isa = PBXBuildFile; fileRef = 6EF435F915A6008F00A64201 /* AvailableSuperCharacteristic.m */; };
		6EF4375C159BA0D50038091B /* CharacteristicsTableViewController.m in Sources */ = {isa = PBXBuildFile; fileRef = 6EF4375B159BA0D50038091B /* CharacteristicsTableViewController.m */; };
		6EF43760159BAC680038091B /* SmartSourceSplitViewController.m in Sources */ = {isa = PBXBuildFile; fileRef = 6EF4375F159BAC680038091B /* SmartSourceSplitViewController.m */; };
/* End PBXBuildFile section */

/* Begin PBXFileReference section */
		6E0741BB159474BB000C480E /* SmartSource.app */ = {isa = PBXFileReference; explicitFileType = wrapper.application; includeInIndex = 0; path = SmartSource.app; sourceTree = BUILT_PRODUCTS_DIR; };
		6E0741BF159474BB000C480E /* UIKit.framework */ = {isa = PBXFileReference; lastKnownFileType = wrapper.framework; name = UIKit.framework; path = System/Library/Frameworks/UIKit.framework; sourceTree = SDKROOT; };
		6E0741C1159474BB000C480E /* Foundation.framework */ = {isa = PBXFileReference; lastKnownFileType = wrapper.framework; name = Foundation.framework; path = System/Library/Frameworks/Foundation.framework; sourceTree = SDKROOT; };
		6E0741C3159474BB000C480E /* CoreGraphics.framework */ = {isa = PBXFileReference; lastKnownFileType = wrapper.framework; name = CoreGraphics.framework; path = System/Library/Frameworks/CoreGraphics.framework; sourceTree = SDKROOT; };
		6E0741C5159474BB000C480E /* CoreData.framework */ = {isa = PBXFileReference; lastKnownFileType = wrapper.framework; name = CoreData.framework; path = System/Library/Frameworks/CoreData.framework; sourceTree = SDKROOT; };
		6E0741C9159474BB000C480E /* SmartSource-Info.plist */ = {isa = PBXFileReference; lastKnownFileType = text.plist.xml; path = "SmartSource-Info.plist"; sourceTree = "<group>"; };
		6E0741CB159474BB000C480E /* en */ = {isa = PBXFileReference; lastKnownFileType = text.plist.strings; name = en; path = en.lproj/InfoPlist.strings; sourceTree = "<group>"; };
		6E0741CD159474BB000C480E /* main.m */ = {isa = PBXFileReference; lastKnownFileType = sourcecode.c.objc; path = main.m; sourceTree = "<group>"; };
		6E0741CF159474BB000C480E /* SmartSource-Prefix.pch */ = {isa = PBXFileReference; lastKnownFileType = sourcecode.c.h; path = "SmartSource-Prefix.pch"; sourceTree = "<group>"; };
		6E0741D0159474BB000C480E /* SmartSourceAppDelegate.h */ = {isa = PBXFileReference; lastKnownFileType = sourcecode.c.h; name = SmartSourceAppDelegate.h; path = SmartSource/SmartSourceAppDelegate.h; sourceTree = "<group>"; };
		6E0741D1159474BB000C480E /* SmartSourceAppDelegate.m */ = {isa = PBXFileReference; lastKnownFileType = sourcecode.c.objc; name = SmartSourceAppDelegate.m; path = SmartSource/SmartSourceAppDelegate.m; sourceTree = "<group>"; };
		6E0741D4159474BB000C480E /* en */ = {isa = PBXFileReference; lastKnownFileType = file.storyboard; name = en; path = en.lproj/MainStoryboard.storyboard; sourceTree = "<group>"; };
		6E0741D9159474BB000C480E /* SmartSourceMasterViewController.h */ = {isa = PBXFileReference; lastKnownFileType = sourcecode.c.h; path = SmartSourceMasterViewController.h; sourceTree = "<group>"; };
		6E0741DA159474BB000C480E /* SmartSourceMasterViewController.m */ = {isa = PBXFileReference; lastKnownFileType = sourcecode.c.objc; path = SmartSourceMasterViewController.m; sourceTree = "<group>"; };
		6E0741E8159479E3000C480E /* DetailTableViewController.h */ = {isa = PBXFileReference; fileEncoding = 4; lastKnownFileType = sourcecode.c.h; path = DetailTableViewController.h; sourceTree = "<group>"; };
		6E0741E9159479E3000C480E /* DetailTableViewController.m */ = {isa = PBXFileReference; fileEncoding = 4; lastKnownFileType = sourcecode.c.objc; path = DetailTableViewController.m; sourceTree = "<group>"; };
		6E0741EC15947B8A000C480E /* NSObject+SBJson.h */ = {isa = PBXFileReference; fileEncoding = 4; lastKnownFileType = sourcecode.c.h; path = "NSObject+SBJson.h"; sourceTree = "<group>"; };
		6E0741ED15947B8A000C480E /* NSObject+SBJson.m */ = {isa = PBXFileReference; fileEncoding = 4; lastKnownFileType = sourcecode.c.objc; path = "NSObject+SBJson.m"; sourceTree = "<group>"; };
		6E0741EE15947B8A000C480E /* SBJson.h */ = {isa = PBXFileReference; fileEncoding = 4; lastKnownFileType = sourcecode.c.h; path = SBJson.h; sourceTree = "<group>"; };
		6E0741EF15947B8A000C480E /* SBJsonParser.h */ = {isa = PBXFileReference; fileEncoding = 4; lastKnownFileType = sourcecode.c.h; path = SBJsonParser.h; sourceTree = "<group>"; };
		6E0741F015947B8A000C480E /* SBJsonParser.m */ = {isa = PBXFileReference; fileEncoding = 4; lastKnownFileType = sourcecode.c.objc; path = SBJsonParser.m; sourceTree = "<group>"; };
		6E0741F115947B8A000C480E /* SBJsonStreamParser.h */ = {isa = PBXFileReference; fileEncoding = 4; lastKnownFileType = sourcecode.c.h; path = SBJsonStreamParser.h; sourceTree = "<group>"; };
		6E0741F215947B8A000C480E /* SBJsonStreamParser.m */ = {isa = PBXFileReference; fileEncoding = 4; lastKnownFileType = sourcecode.c.objc; path = SBJsonStreamParser.m; sourceTree = "<group>"; };
		6E0741F315947B8A000C480E /* SBJsonStreamParserAccumulator.h */ = {isa = PBXFileReference; fileEncoding = 4; lastKnownFileType = sourcecode.c.h; path = SBJsonStreamParserAccumulator.h; sourceTree = "<group>"; };
		6E0741F415947B8A000C480E /* SBJsonStreamParserAccumulator.m */ = {isa = PBXFileReference; fileEncoding = 4; lastKnownFileType = sourcecode.c.objc; path = SBJsonStreamParserAccumulator.m; sourceTree = "<group>"; };
		6E0741F515947B8A000C480E /* SBJsonStreamParserAdapter.h */ = {isa = PBXFileReference; fileEncoding = 4; lastKnownFileType = sourcecode.c.h; path = SBJsonStreamParserAdapter.h; sourceTree = "<group>"; };
		6E0741F615947B8A000C480E /* SBJsonStreamParserAdapter.m */ = {isa = PBXFileReference; fileEncoding = 4; lastKnownFileType = sourcecode.c.objc; path = SBJsonStreamParserAdapter.m; sourceTree = "<group>"; };
		6E0741F715947B8A000C480E /* SBJsonStreamParserState.h */ = {isa = PBXFileReference; fileEncoding = 4; lastKnownFileType = sourcecode.c.h; path = SBJsonStreamParserState.h; sourceTree = "<group>"; };
		6E0741F815947B8A000C480E /* SBJsonStreamParserState.m */ = {isa = PBXFileReference; fileEncoding = 4; lastKnownFileType = sourcecode.c.objc; path = SBJsonStreamParserState.m; sourceTree = "<group>"; };
		6E0741F915947B8A000C480E /* SBJsonStreamWriter.h */ = {isa = PBXFileReference; fileEncoding = 4; lastKnownFileType = sourcecode.c.h; path = SBJsonStreamWriter.h; sourceTree = "<group>"; };
		6E0741FA15947B8A000C480E /* SBJsonStreamWriter.m */ = {isa = PBXFileReference; fileEncoding = 4; lastKnownFileType = sourcecode.c.objc; path = SBJsonStreamWriter.m; sourceTree = "<group>"; };
		6E0741FB15947B8A000C480E /* SBJsonStreamWriterAccumulator.h */ = {isa = PBXFileReference; fileEncoding = 4; lastKnownFileType = sourcecode.c.h; path = SBJsonStreamWriterAccumulator.h; sourceTree = "<group>"; };
		6E0741FC15947B8A000C480E /* SBJsonStreamWriterAccumulator.m */ = {isa = PBXFileReference; fileEncoding = 4; lastKnownFileType = sourcecode.c.objc; path = SBJsonStreamWriterAccumulator.m; sourceTree = "<group>"; };
		6E0741FD15947B8A000C480E /* SBJsonStreamWriterState.h */ = {isa = PBXFileReference; fileEncoding = 4; lastKnownFileType = sourcecode.c.h; path = SBJsonStreamWriterState.h; sourceTree = "<group>"; };
		6E0741FE15947B8A000C480E /* SBJsonStreamWriterState.m */ = {isa = PBXFileReference; fileEncoding = 4; lastKnownFileType = sourcecode.c.objc; path = SBJsonStreamWriterState.m; sourceTree = "<group>"; };
		6E0741FF15947B8A000C480E /* SBJsonTokeniser.h */ = {isa = PBXFileReference; fileEncoding = 4; lastKnownFileType = sourcecode.c.h; path = SBJsonTokeniser.h; sourceTree = "<group>"; };
		6E07420015947B8A000C480E /* SBJsonTokeniser.m */ = {isa = PBXFileReference; fileEncoding = 4; lastKnownFileType = sourcecode.c.objc; path = SBJsonTokeniser.m; sourceTree = "<group>"; };
		6E07420115947B8A000C480E /* SBJsonUTF8Stream.h */ = {isa = PBXFileReference; fileEncoding = 4; lastKnownFileType = sourcecode.c.h; path = SBJsonUTF8Stream.h; sourceTree = "<group>"; };
		6E07420215947B8A000C480E /* SBJsonUTF8Stream.m */ = {isa = PBXFileReference; fileEncoding = 4; lastKnownFileType = sourcecode.c.objc; path = SBJsonUTF8Stream.m; sourceTree = "<group>"; };
		6E07420315947B8A000C480E /* SBJsonWriter.h */ = {isa = PBXFileReference; fileEncoding = 4; lastKnownFileType = sourcecode.c.h; path = SBJsonWriter.h; sourceTree = "<group>"; };
		6E07420415947B8A000C480E /* SBJsonWriter.m */ = {isa = PBXFileReference; fileEncoding = 4; lastKnownFileType = sourcecode.c.objc; path = SBJsonWriter.m; sourceTree = "<group>"; };
		6E07421715947DD7000C480E /* background.jpg */ = {isa = PBXFileReference; lastKnownFileType = image.jpeg; path = background.jpg; sourceTree = "<group>"; };
		6E07421815947DD7000C480E /* checkbox.png */ = {isa = PBXFileReference; lastKnownFileType = image.png; path = checkbox.png; sourceTree = "<group>"; };
		6E07421915947DD7000C480E /* checkedbox.png */ = {isa = PBXFileReference; lastKnownFileType = image.png; path = checkedbox.png; sourceTree = "<group>"; };
		6E07421D15947ED0000C480E /* MenuUIViewController.h */ = {isa = PBXFileReference; fileEncoding = 4; lastKnownFileType = sourcecode.c.h; path = MenuUIViewController.h; sourceTree = "<group>"; };
		6E07421E15947ED0000C480E /* MenuUIViewController.m */ = {isa = PBXFileReference; fileEncoding = 4; lastKnownFileType = sourcecode.c.objc; path = MenuUIViewController.m; sourceTree = "<group>"; };
		6E074221159481A0000C480E /* ComponentsTableViewController.h */ = {isa = PBXFileReference; fileEncoding = 4; lastKnownFileType = sourcecode.c.h; path = ComponentsTableViewController.h; sourceTree = "<group>"; };
		6E074222159481A0000C480E /* ComponentsTableViewController.m */ = {isa = PBXFileReference; fileEncoding = 4; lastKnownFileType = sourcecode.c.objc; path = ComponentsTableViewController.m; sourceTree = "<group>"; };
		6E074228159488B7000C480E /* RatingTableViewViewController.h */ = {isa = PBXFileReference; fileEncoding = 4; lastKnownFileType = sourcecode.c.h; path = RatingTableViewViewController.h; sourceTree = "<group>"; };
		6E074229159488B7000C480E /* RatingTableViewViewController.m */ = {isa = PBXFileReference; fileEncoding = 4; lastKnownFileType = sourcecode.c.objc; path = RatingTableViewViewController.m; sourceTree = "<group>"; };
		6E07422B1594905A000C480E /* Slider.h */ = {isa = PBXFileReference; fileEncoding = 4; lastKnownFileType = sourcecode.c.h; path = Slider.h; sourceTree = "<group>"; };
		6E07422C1594905A000C480E /* Slider.m */ = {isa = PBXFileReference; fileEncoding = 4; lastKnownFileType = sourcecode.c.objc; path = Slider.m; sourceTree = "<group>"; };
		6E109D5B15A1B66F00D3C9F0 /* settings.jpg */ = {isa = PBXFileReference; lastKnownFileType = image.jpeg; path = settings.jpg; sourceTree = "<group>"; };
		6E109D5C15A1B66F00D3C9F0 /* projects.jpg */ = {isa = PBXFileReference; lastKnownFileType = image.jpeg; path = projects.jpg; sourceTree = "<group>"; };
		6E109D5D15A1B66F00D3C9F0 /* help1.jpg */ = {isa = PBXFileReference; lastKnownFileType = image.jpeg; path = help1.jpg; sourceTree = "<group>"; };
		6E109D5E15A1B66F00D3C9F0 /* analysis2.jpg */ = {isa = PBXFileReference; lastKnownFileType = image.jpeg; path = analysis2.jpg; sourceTree = "<group>"; };
		6E109D5F15A1B66F00D3C9F0 /* analysis1.jpg */ = {isa = PBXFileReference; lastKnownFileType = image.jpeg; path = analysis1.jpg; sourceTree = "<group>"; };
		6E109D6615A1C0A700D3C9F0 /* AlertView.h */ = {isa = PBXFileReference; fileEncoding = 4; lastKnownFileType = sourcecode.c.h; path = AlertView.h; sourceTree = "<group>"; };
		6E109D6715A1C0A700D3C9F0 /* AlertView.m */ = {isa = PBXFileReference; fileEncoding = 4; lastKnownFileType = sourcecode.c.objc; path = AlertView.m; sourceTree = "<group>"; };
		6E109D6915A1CFAC00D3C9F0 /* SettingsTableViewControllerViewController.h */ = {isa = PBXFileReference; fileEncoding = 4; lastKnownFileType = sourcecode.c.h; path = SettingsTableViewControllerViewController.h; sourceTree = "<group>"; };
		6E109D6A15A1CFAC00D3C9F0 /* SettingsTableViewControllerViewController.m */ = {isa = PBXFileReference; fileEncoding = 4; lastKnownFileType = sourcecode.c.objc; path = SettingsTableViewControllerViewController.m; sourceTree = "<group>"; };
		6E1C639D15A4AF7700A5DDF5 /* ResultMasterViewController.h */ = {isa = PBXFileReference; fileEncoding = 4; lastKnownFileType = sourcecode.c.h; path = ResultMasterViewController.h; sourceTree = "<group>"; };
		6E1C639E15A4AF7700A5DDF5 /* ResultMasterViewController.m */ = {isa = PBXFileReference; fileEncoding = 4; lastKnownFileType = sourcecode.c.objc; path = ResultMasterViewController.m; sourceTree = "<group>"; };
		6E1C63A015A4C78700A5DDF5 /* ShowClassificationTableViewController.h */ = {isa = PBXFileReference; fileEncoding = 4; lastKnownFileType = sourcecode.c.h; path = ShowClassificationTableViewController.h; sourceTree = "<group>"; };
		6E1C63A115A4C78700A5DDF5 /* ShowClassificationTableViewController.m */ = {isa = PBXFileReference; fileEncoding = 4; lastKnownFileType = sourcecode.c.objc; path = ShowClassificationTableViewController.m; sourceTree = "<group>"; };
		6E5907A015A5AD910064FD93 /* BNColor.h */ = {isa = PBXFileReference; fileEncoding = 4; lastKnownFileType = sourcecode.c.h; path = BNColor.h; sourceTree = "<group>"; };
		6E5907A115A5AD910064FD93 /* BNColor.m */ = {isa = PBXFileReference; fileEncoding = 4; lastKnownFileType = sourcecode.c.objc; path = BNColor.m; sourceTree = "<group>"; };
		6E5907A215A5AD910064FD93 /* BNPieChart.h */ = {isa = PBXFileReference; fileEncoding = 4; lastKnownFileType = sourcecode.c.h; path = BNPieChart.h; sourceTree = "<group>"; };
		6E5907A315A5AD910064FD93 /* BNPieChart.m */ = {isa = PBXFileReference; fileEncoding = 4; lastKnownFileType = sourcecode.c.objc; path = BNPieChart.m; sourceTree = "<group>"; };
		6E5907A615A5AEDE0064FD93 /* NSObject+Be.h */ = {isa = PBXFileReference; fileEncoding = 4; lastKnownFileType = sourcecode.c.h; path = "NSObject+Be.h"; sourceTree = "<group>"; };
		6E5907A715A5AEDE0064FD93 /* NSObject+Be.m */ = {isa = PBXFileReference; fileEncoding = 4; lastKnownFileType = sourcecode.c.objc; path = "NSObject+Be.m"; sourceTree = "<group>"; };
		6E7CF31E15A78BAD00FEF57A /* ChartViewController.h */ = {isa = PBXFileReference; fileEncoding = 4; lastKnownFileType = sourcecode.c.h; path = ChartViewController.h; sourceTree = "<group>"; };
		6E7CF31F15A78BAD00FEF57A /* ChartViewController.m */ = {isa = PBXFileReference; fileEncoding = 4; lastKnownFileType = sourcecode.c.objc; path = ChartViewController.m; sourceTree = "<group>"; };
		6E7CF33115A7B16300FEF57A /* Characteristic.h */ = {isa = PBXFileReference; fileEncoding = 4; lastKnownFileType = sourcecode.c.h; path = Characteristic.h; sourceTree = "<group>"; };
		6E7CF33215A7B16300FEF57A /* Characteristic.m */ = {isa = PBXFileReference; fileEncoding = 4; lastKnownFileType = sourcecode.c.objc; path = Characteristic.m; sourceTree = "<group>"; };
		6E7CF33315A7B16300FEF57A /* Characteristic+Factory.h */ = {isa = PBXFileReference; fileEncoding = 4; lastKnownFileType = sourcecode.c.h; path = "Characteristic+Factory.h"; sourceTree = "<group>"; };
		6E7CF33415A7B16300FEF57A /* Characteristic+Factory.m */ = {isa = PBXFileReference; fileEncoding = 4; lastKnownFileType = sourcecode.c.objc; path = "Characteristic+Factory.m"; sourceTree = "<group>"; };
		6E7CF33515A7B16300FEF57A /* Component.h */ = {isa = PBXFileReference; fileEncoding = 4; lastKnownFileType = sourcecode.c.h; path = Component.h; sourceTree = "<group>"; };
		6E7CF33615A7B16300FEF57A /* Component.m */ = {isa = PBXFileReference; fileEncoding = 4; lastKnownFileType = sourcecode.c.objc; path = Component.m; sourceTree = "<group>"; };
		6E7CF33715A7B16300FEF57A /* Component+Factory.h */ = {isa = PBXFileReference; fileEncoding = 4; lastKnownFileType = sourcecode.c.h; path = "Component+Factory.h"; sourceTree = "<group>"; };
		6E7CF33815A7B16300FEF57A /* Component+Factory.m */ = {isa = PBXFileReference; fileEncoding = 4; lastKnownFileType = sourcecode.c.objc; path = "Component+Factory.m"; sourceTree = "<group>"; };
		6E7CF33915A7B16300FEF57A /* Project.h */ = {isa = PBXFileReference; fileEncoding = 4; lastKnownFileType = sourcecode.c.h; path = Project.h; sourceTree = "<group>"; };
		6E7CF33A15A7B16300FEF57A /* Project.m */ = {isa = PBXFileReference; fileEncoding = 4; lastKnownFileType = sourcecode.c.objc; path = Project.m; sourceTree = "<group>"; };
		6E7CF33B15A7B16300FEF57A /* Project+Factory.h */ = {isa = PBXFileReference; fileEncoding = 4; lastKnownFileType = sourcecode.c.h; path = "Project+Factory.h"; sourceTree = "<group>"; };
		6E7CF33C15A7B16300FEF57A /* Project+Factory.m */ = {isa = PBXFileReference; fileEncoding = 4; lastKnownFileType = sourcecode.c.objc; path = "Project+Factory.m"; sourceTree = "<group>"; };
		6E7CF33F15A7B16300FEF57A /* SuperCharacteristic+Factory.h */ = {isa = PBXFileReference; fileEncoding = 4; lastKnownFileType = sourcecode.c.h; path = "SuperCharacteristic+Factory.h"; sourceTree = "<group>"; };
		6E7CF34015A7B16300FEF57A /* SuperCharacteristic+Factory.m */ = {isa = PBXFileReference; fileEncoding = 4; lastKnownFileType = sourcecode.c.objc; path = "SuperCharacteristic+Factory.m"; sourceTree = "<group>"; };
		6E7CF35015A7B3C500FEF57A /* CoreDataModel.xcdatamodel */ = {isa = PBXFileReference; lastKnownFileType = wrapper.xcdatamodel; path = CoreDataModel.xcdatamodel; sourceTree = "<group>"; };
		6E7CF35215A7B3DE00FEF57A /* SuperCharacteristic.h */ = {isa = PBXFileReference; fileEncoding = 4; lastKnownFileType = sourcecode.c.h; path = SuperCharacteristic.h; sourceTree = "<group>"; };
		6E7CF35315A7B3DF00FEF57A /* SuperCharacteristic.m */ = {isa = PBXFileReference; fileEncoding = 4; lastKnownFileType = sourcecode.c.objc; path = SuperCharacteristic.m; sourceTree = "<group>"; };
		6E80891D15A605EB00654468 /* AvailableCharacteristic+Factory.h */ = {isa = PBXFileReference; fileEncoding = 4; lastKnownFileType = sourcecode.c.h; path = "AvailableCharacteristic+Factory.h"; sourceTree = "<group>"; };
		6E80891E15A605EB00654468 /* AvailableCharacteristic+Factory.m */ = {isa = PBXFileReference; fileEncoding = 4; lastKnownFileType = sourcecode.c.objc; path = "AvailableCharacteristic+Factory.m"; sourceTree = "<group>"; };
		6E80891F15A605EB00654468 /* AvailableSuperCharacteristic+Factory.h */ = {isa = PBXFileReference; fileEncoding = 4; lastKnownFileType = sourcecode.c.h; path = "AvailableSuperCharacteristic+Factory.h"; sourceTree = "<group>"; };
		6E80892015A605EB00654468 /* AvailableSuperCharacteristic+Factory.m */ = {isa = PBXFileReference; fileEncoding = 4; lastKnownFileType = sourcecode.c.objc; path = "AvailableSuperCharacteristic+Factory.m"; sourceTree = "<group>"; };
		6EC9203315A45C140020F3C0 /* DecisionTableViewController.h */ = {isa = PBXFileReference; fileEncoding = 4; lastKnownFileType = sourcecode.c.h; path = DecisionTableViewController.h; sourceTree = "<group>"; };
		6EC9203415A45C140020F3C0 /* DecisionTableViewController.m */ = {isa = PBXFileReference; fileEncoding = 4; lastKnownFileType = sourcecode.c.objc; path = DecisionTableViewController.m; sourceTree = "<group>"; };
		6EF435F515A6008F00A64201 /* AvailableCharacteristic.h */ = {isa = PBXFileReference; fileEncoding = 4; lastKnownFileType = sourcecode.c.h; name = AvailableCharacteristic.h; path = CoreData/AvailableCharacteristic.h; sourceTree = "<group>"; };
		6EF435F615A6008F00A64201 /* AvailableCharacteristic.m */ = {isa = PBXFileReference; fileEncoding = 4; lastKnownFileType = sourcecode.c.objc; name = AvailableCharacteristic.m; path = CoreData/AvailableCharacteristic.m; sourceTree = "<group>"; };
		6EF435F815A6008F00A64201 /* AvailableSuperCharacteristic.h */ = {isa = PBXFileReference; fileEncoding = 4; lastKnownFileType = sourcecode.c.h; name = AvailableSuperCharacteristic.h; path = CoreData/AvailableSuperCharacteristic.h; sourceTree = "<group>"; };
		6EF435F915A6008F00A64201 /* AvailableSuperCharacteristic.m */ = {isa = PBXFileReference; fileEncoding = 4; lastKnownFileType = sourcecode.c.objc; name = AvailableSuperCharacteristic.m; path = CoreData/AvailableSuperCharacteristic.m; sourceTree = "<group>"; };
		6EF4375A159BA0D50038091B /* CharacteristicsTableViewController.h */ = {isa = PBXFileReference; fileEncoding = 4; lastKnownFileType = sourcecode.c.h; path = CharacteristicsTableViewController.h; sourceTree = "<group>"; };
		6EF4375B159BA0D50038091B /* CharacteristicsTableViewController.m */ = {isa = PBXFileReference; fileEncoding = 4; lastKnownFileType = sourcecode.c.objc; path = CharacteristicsTableViewController.m; sourceTree = "<group>"; };
		6EF4375E159BAC680038091B /* SmartSourceSplitViewController.h */ = {isa = PBXFileReference; fileEncoding = 4; lastKnownFileType = sourcecode.c.h; path = SmartSourceSplitViewController.h; sourceTree = "<group>"; };
		6EF4375F159BAC680038091B /* SmartSourceSplitViewController.m */ = {isa = PBXFileReference; fileEncoding = 4; lastKnownFileType = sourcecode.c.objc; path = SmartSourceSplitViewController.m; sourceTree = "<group>"; };
/* End PBXFileReference section */

/* Begin PBXFrameworksBuildPhase section */
		6E0741B8159474BB000C480E /* Frameworks */ = {
			isa = PBXFrameworksBuildPhase;
			buildActionMask = 2147483647;
			files = (
				6E0741C0159474BB000C480E /* UIKit.framework in Frameworks */,
				6E0741C2159474BB000C480E /* Foundation.framework in Frameworks */,
				6E0741C4159474BB000C480E /* CoreGraphics.framework in Frameworks */,
				6E0741C6159474BB000C480E /* CoreData.framework in Frameworks */,
			);
			runOnlyForDeploymentPostprocessing = 0;
		};
/* End PBXFrameworksBuildPhase section */

/* Begin PBXGroup section */
		6E0741B0159474BB000C480E = {
			isa = PBXGroup;
			children = (
				6E0741D1159474BB000C480E /* SmartSourceAppDelegate.m */,
				6E0741D0159474BB000C480E /* SmartSourceAppDelegate.h */,
				6E0741D3159474BB000C480E /* MainStoryboard.storyboard */,
				6E0741C7159474BB000C480E /* SmartSource */,
				6E0741BE159474BB000C480E /* Frameworks */,
				6E0741BC159474BB000C480E /* Products */,
			);
			sourceTree = "<group>";
		};
		6E0741BC159474BB000C480E /* Products */ = {
			isa = PBXGroup;
			children = (
				6E0741BB159474BB000C480E /* SmartSource.app */,
			);
			name = Products;
			sourceTree = "<group>";
		};
		6E0741BE159474BB000C480E /* Frameworks */ = {
			isa = PBXGroup;
			children = (
				6E0741BF159474BB000C480E /* UIKit.framework */,
				6E0741C1159474BB000C480E /* Foundation.framework */,
				6E0741C3159474BB000C480E /* CoreGraphics.framework */,
				6E0741C5159474BB000C480E /* CoreData.framework */,
			);
			name = Frameworks;
			sourceTree = "<group>";
		};
		6E0741C7159474BB000C480E /* SmartSource */ = {
			isa = PBXGroup;
			children = (
				6EAF4B621599C9C3003958E9 /* CoreData */,
				6E07422015947ED6000C480E /* Main Menu */,
				6E0741E715947920000C480E /* SplitView */,
				6E07421515947DB9000C480E /* Pictures */,
				6E0741EB15947B8A000C480E /* Json */,
				6E0741C8159474BB000C480E /* Supporting Files */,
			);
			path = SmartSource;
			sourceTree = "<group>";
		};
		6E0741C8159474BB000C480E /* Supporting Files */ = {
			isa = PBXGroup;
			children = (
				6E0741C9159474BB000C480E /* SmartSource-Info.plist */,
				6E0741CA159474BB000C480E /* InfoPlist.strings */,
				6E0741CD159474BB000C480E /* main.m */,
				6E0741CF159474BB000C480E /* SmartSource-Prefix.pch */,
			);
			name = "Supporting Files";
			sourceTree = "<group>";
		};
		6E0741E715947920000C480E /* SplitView */ = {
			isa = PBXGroup;
			children = (
				6EF4375E159BAC680038091B /* SmartSourceSplitViewController.h */,
				6EF4375F159BAC680038091B /* SmartSourceSplitViewController.m */,
				6ECDF42B159B926B00EA4590 /* Detail */,
				6ECDF42A159B926300EA4590 /* Master */,
			);
			name = SplitView;
			sourceTree = "<group>";
		};
		6E0741EB15947B8A000C480E /* Json */ = {
			isa = PBXGroup;
			children = (
				6E0741EC15947B8A000C480E /* NSObject+SBJson.h */,
				6E0741ED15947B8A000C480E /* NSObject+SBJson.m */,
				6E0741EE15947B8A000C480E /* SBJson.h */,
				6E0741EF15947B8A000C480E /* SBJsonParser.h */,
				6E0741F015947B8A000C480E /* SBJsonParser.m */,
				6E0741F115947B8A000C480E /* SBJsonStreamParser.h */,
				6E0741F215947B8A000C480E /* SBJsonStreamParser.m */,
				6E0741F315947B8A000C480E /* SBJsonStreamParserAccumulator.h */,
				6E0741F415947B8A000C480E /* SBJsonStreamParserAccumulator.m */,
				6E0741F515947B8A000C480E /* SBJsonStreamParserAdapter.h */,
				6E0741F615947B8A000C480E /* SBJsonStreamParserAdapter.m */,
				6E0741F715947B8A000C480E /* SBJsonStreamParserState.h */,
				6E0741F815947B8A000C480E /* SBJsonStreamParserState.m */,
				6E0741F915947B8A000C480E /* SBJsonStreamWriter.h */,
				6E0741FA15947B8A000C480E /* SBJsonStreamWriter.m */,
				6E0741FB15947B8A000C480E /* SBJsonStreamWriterAccumulator.h */,
				6E0741FC15947B8A000C480E /* SBJsonStreamWriterAccumulator.m */,
				6E0741FD15947B8A000C480E /* SBJsonStreamWriterState.h */,
				6E0741FE15947B8A000C480E /* SBJsonStreamWriterState.m */,
				6E0741FF15947B8A000C480E /* SBJsonTokeniser.h */,
				6E07420015947B8A000C480E /* SBJsonTokeniser.m */,
				6E07420115947B8A000C480E /* SBJsonUTF8Stream.h */,
				6E07420215947B8A000C480E /* SBJsonUTF8Stream.m */,
				6E07420315947B8A000C480E /* SBJsonWriter.h */,
				6E07420415947B8A000C480E /* SBJsonWriter.m */,
			);
			path = Json;
			sourceTree = "<group>";
		};
		6E07421515947DB9000C480E /* Pictures */ = {
			isa = PBXGroup;
			children = (
				6E109D5B15A1B66F00D3C9F0 /* settings.jpg */,
				6E109D5C15A1B66F00D3C9F0 /* projects.jpg */,
				6E109D5D15A1B66F00D3C9F0 /* help1.jpg */,
				6E109D5E15A1B66F00D3C9F0 /* analysis2.jpg */,
				6E109D5F15A1B66F00D3C9F0 /* analysis1.jpg */,
				6E07421715947DD7000C480E /* background.jpg */,
				6E07421815947DD7000C480E /* checkbox.png */,
				6E07421915947DD7000C480E /* checkedbox.png */,
			);
			name = Pictures;
			sourceTree = "<group>";
		};
		6E07422015947ED6000C480E /* Main Menu */ = {
			isa = PBXGroup;
			children = (
				6E109D6C15A1CFB600D3C9F0 /* Settings */,
				6E109D6615A1C0A700D3C9F0 /* AlertView.h */,
				6E109D6715A1C0A700D3C9F0 /* AlertView.m */,
				6E07421E15947ED0000C480E /* MenuUIViewController.m */,
				6E07421D15947ED0000C480E /* MenuUIViewController.h */,
			);
			name = "Main Menu";
			sourceTree = "<group>";
		};
		6E0742271594889E000C480E /* RatingScreen */ = {
			isa = PBXGroup;
			children = (
				6E07422B1594905A000C480E /* Slider.h */,
				6E07422C1594905A000C480E /* Slider.m */,
				6E074228159488B7000C480E /* RatingTableViewViewController.h */,
				6E074229159488B7000C480E /* RatingTableViewViewController.m */,
			);
			name = RatingScreen;
			sourceTree = "<group>";
		};
		6E109D6C15A1CFB600D3C9F0 /* Settings */ = {
			isa = PBXGroup;
			children = (
				6EF4375A159BA0D50038091B /* CharacteristicsTableViewController.h */,
				6EF4375B159BA0D50038091B /* CharacteristicsTableViewController.m */,
				6E109D6915A1CFAC00D3C9F0 /* SettingsTableViewControllerViewController.h */,
				6E109D6A15A1CFAC00D3C9F0 /* SettingsTableViewControllerViewController.m */,
			);
			name = Settings;
			sourceTree = "<group>";
		};
		6E59079F15A5AD7A0064FD93 /* ChartClasses */ = {
			isa = PBXGroup;
			children = (
				6E5907A615A5AEDE0064FD93 /* NSObject+Be.h */,
				6E5907A715A5AEDE0064FD93 /* NSObject+Be.m */,
				6E5907A015A5AD910064FD93 /* BNColor.h */,
				6E5907A115A5AD910064FD93 /* BNColor.m */,
				6E5907A215A5AD910064FD93 /* BNPieChart.h */,
				6E5907A315A5AD910064FD93 /* BNPieChart.m */,
			);
			name = ChartClasses;
			sourceTree = "<group>";
		};
		6E920EBB159A008500B54467 /* Factories */ = {
			isa = PBXGroup;
			children = (
				6E80891D15A605EB00654468 /* AvailableCharacteristic+Factory.h */,
				6E80891E15A605EB00654468 /* AvailableCharacteristic+Factory.m */,
				6E80891F15A605EB00654468 /* AvailableSuperCharacteristic+Factory.h */,
				6E80892015A605EB00654468 /* AvailableSuperCharacteristic+Factory.m */,
				6E7CF33315A7B16300FEF57A /* Characteristic+Factory.h */,
				6E7CF33415A7B16300FEF57A /* Characteristic+Factory.m */,
				6E7CF33715A7B16300FEF57A /* Component+Factory.h */,
				6E7CF33815A7B16300FEF57A /* Component+Factory.m */,
				6E7CF33B15A7B16300FEF57A /* Project+Factory.h */,
				6E7CF33C15A7B16300FEF57A /* Project+Factory.m */,
				6E7CF33F15A7B16300FEF57A /* SuperCharacteristic+Factory.h */,
				6E7CF34015A7B16300FEF57A /* SuperCharacteristic+Factory.m */,
			);
			name = Factories;
			sourceTree = "<group>";
		};
		6EAF4B621599C9C3003958E9 /* CoreData */ = {
			isa = PBXGroup;
			children = (
				6E7CF35215A7B3DE00FEF57A /* SuperCharacteristic.h */,
				6E7CF35315A7B3DF00FEF57A /* SuperCharacteristic.m */,
				6E7CF34F15A7B3C400FEF57A /* CoreDataModel.xcdatamodeld */,
				6E7CF33115A7B16300FEF57A /* Characteristic.h */,
				6E7CF33215A7B16300FEF57A /* Characteristic.m */,
				6E7CF33515A7B16300FEF57A /* Component.h */,
				6E7CF33615A7B16300FEF57A /* Component.m */,
				6E7CF33915A7B16300FEF57A /* Project.h */,
				6E7CF33A15A7B16300FEF57A /* Project.m */,
				6EF435F815A6008F00A64201 /* AvailableSuperCharacteristic.h */,
				6EF435F915A6008F00A64201 /* AvailableSuperCharacteristic.m */,
				6EF435F515A6008F00A64201 /* AvailableCharacteristic.h */,
				6EF435F615A6008F00A64201 /* AvailableCharacteristic.m */,
				6E920EBB159A008500B54467 /* Factories */,
			);
			name = CoreData;
			sourceTree = "<group>";
		};
		6EC9203715A45E0D0020F3C0 /* ResultScreen */ = {
			isa = PBXGroup;
			children = (
				6E59079F15A5AD7A0064FD93 /* ChartClasses */,
				6E7CF31E15A78BAD00FEF57A /* ChartViewController.h */,
				6E7CF31F15A78BAD00FEF57A /* ChartViewController.m */,
				6E1C63A015A4C78700A5DDF5 /* ShowClassificationTableViewController.h */,
				6E1C63A115A4C78700A5DDF5 /* ShowClassificationTableViewController.m */,
				6EC9203315A45C140020F3C0 /* DecisionTableViewController.h */,
				6EC9203415A45C140020F3C0 /* DecisionTableViewController.m */,
			);
			name = ResultScreen;
			sourceTree = "<group>";
		};
		6ECDF42A159B926300EA4590 /* Master */ = {
			isa = PBXGroup;
			children = (
				6E074221159481A0000C480E /* ComponentsTableViewController.h */,
				6E074222159481A0000C480E /* ComponentsTableViewController.m */,
				6E0741D9159474BB000C480E /* SmartSourceMasterViewController.h */,
				6E0741DA159474BB000C480E /* SmartSourceMasterViewController.m */,
				6E1C639D15A4AF7700A5DDF5 /* ResultMasterViewController.h */,
				6E1C639E15A4AF7700A5DDF5 /* ResultMasterViewController.m */,
			);
			name = Master;
			sourceTree = "<group>";
		};
		6ECDF42B159B926B00EA4590 /* Detail */ = {
			isa = PBXGroup;
			children = (
				6E0741E8159479E3000C480E /* DetailTableViewController.h */,
				6E0741E9159479E3000C480E /* DetailTableViewController.m */,
				6EC9203715A45E0D0020F3C0 /* ResultScreen */,
				6E0742271594889E000C480E /* RatingScreen */,
			);
			name = Detail;
			sourceTree = "<group>";
		};
/* End PBXGroup section */

/* Begin PBXNativeTarget section */
		6E0741BA159474BB000C480E /* SmartSource */ = {
			isa = PBXNativeTarget;
			buildConfigurationList = 6E0741E1159474BB000C480E /* Build configuration list for PBXNativeTarget "SmartSource" */;
			buildPhases = (
				6E0741B7159474BB000C480E /* Sources */,
				6E0741B8159474BB000C480E /* Frameworks */,
				6E0741B9159474BB000C480E /* Resources */,
			);
			buildRules = (
			);
			dependencies = (
			);
			name = SmartSource;
			productName = SmartSource;
			productReference = 6E0741BB159474BB000C480E /* SmartSource.app */;
			productType = "com.apple.product-type.application";
		};
/* End PBXNativeTarget section */

/* Begin PBXProject section */
		6E0741B2159474BB000C480E /* Project object */ = {
			isa = PBXProject;
			attributes = {
				CLASSPREFIX = SmartSource;
				LastUpgradeCheck = 0430;
			};
			buildConfigurationList = 6E0741B5159474BB000C480E /* Build configuration list for PBXProject "SmartSource" */;
			compatibilityVersion = "Xcode 3.2";
			developmentRegion = English;
			hasScannedForEncodings = 0;
			knownRegions = (
				en,
			);
			mainGroup = 6E0741B0159474BB000C480E;
			productRefGroup = 6E0741BC159474BB000C480E /* Products */;
			projectDirPath = "";
			projectRoot = "";
			targets = (
				6E0741BA159474BB000C480E /* SmartSource */,
			);
		};
/* End PBXProject section */

/* Begin PBXResourcesBuildPhase section */
		6E0741B9159474BB000C480E /* Resources */ = {
			isa = PBXResourcesBuildPhase;
			buildActionMask = 2147483647;
			files = (
				6E0741CC159474BB000C480E /* InfoPlist.strings in Resources */,
				6E0741D5159474BB000C480E /* MainStoryboard.storyboard in Resources */,
				6E07421A15947DD7000C480E /* background.jpg in Resources */,
				6E07421B15947DD7000C480E /* checkbox.png in Resources */,
				6E07421C15947DD7000C480E /* checkedbox.png in Resources */,
				6E109D6015A1B66F00D3C9F0 /* settings.jpg in Resources */,
				6E109D6115A1B66F00D3C9F0 /* projects.jpg in Resources */,
				6E109D6215A1B66F00D3C9F0 /* help1.jpg in Resources */,
				6E109D6315A1B66F00D3C9F0 /* analysis2.jpg in Resources */,
				6E109D6415A1B66F00D3C9F0 /* analysis1.jpg in Resources */,
			);
			runOnlyForDeploymentPostprocessing = 0;
		};
/* End PBXResourcesBuildPhase section */

/* Begin PBXSourcesBuildPhase section */
		6E0741B7159474BB000C480E /* Sources */ = {
			isa = PBXSourcesBuildPhase;
			buildActionMask = 2147483647;
			files = (
				6E0741CE159474BB000C480E /* main.m in Sources */,
				6E0741D2159474BB000C480E /* SmartSourceAppDelegate.m in Sources */,
				6E0741DB159474BB000C480E /* SmartSourceMasterViewController.m in Sources */,
				6E0741EA159479E3000C480E /* DetailTableViewController.m in Sources */,
				6E07420515947B8A000C480E /* NSObject+SBJson.m in Sources */,
				6E07420615947B8A000C480E /* SBJsonParser.m in Sources */,
				6E07420715947B8A000C480E /* SBJsonStreamParser.m in Sources */,
				6E07420815947B8A000C480E /* SBJsonStreamParserAccumulator.m in Sources */,
				6E07420915947B8A000C480E /* SBJsonStreamParserAdapter.m in Sources */,
				6E07420A15947B8A000C480E /* SBJsonStreamParserState.m in Sources */,
				6E07420B15947B8A000C480E /* SBJsonStreamWriter.m in Sources */,
				6E07420C15947B8A000C480E /* SBJsonStreamWriterAccumulator.m in Sources */,
				6E07420D15947B8A000C480E /* SBJsonStreamWriterState.m in Sources */,
				6E07420E15947B8A000C480E /* SBJsonTokeniser.m in Sources */,
				6E07420F15947B8A000C480E /* SBJsonUTF8Stream.m in Sources */,
				6E07421015947B8A000C480E /* SBJsonWriter.m in Sources */,
				6E07421F15947ED0000C480E /* MenuUIViewController.m in Sources */,
				6E074223159481A0000C480E /* ComponentsTableViewController.m in Sources */,
				6E07422A159488B7000C480E /* RatingTableViewViewController.m in Sources */,
				6E07422D1594905B000C480E /* Slider.m in Sources */,
				6EF4375C159BA0D50038091B /* CharacteristicsTableViewController.m in Sources */,
				6EF43760159BAC680038091B /* SmartSourceSplitViewController.m in Sources */,
				6E109D6815A1C0A700D3C9F0 /* AlertView.m in Sources */,
				6E109D6B15A1CFAC00D3C9F0 /* SettingsTableViewControllerViewController.m in Sources */,
				6EC9203515A45C140020F3C0 /* DecisionTableViewController.m in Sources */,
				6E1C639F15A4AF7700A5DDF5 /* ResultMasterViewController.m in Sources */,
				6E1C63A215A4C78700A5DDF5 /* ShowClassificationTableViewController.m in Sources */,
				6E5907A415A5AD910064FD93 /* BNColor.m in Sources */,
				6E5907A515A5AD910064FD93 /* BNPieChart.m in Sources */,
				6E5907A815A5AEDF0064FD93 /* NSObject+Be.m in Sources */,
				6EF435F715A6008F00A64201 /* AvailableCharacteristic.m in Sources */,
				6EF435FA15A6008F00A64201 /* AvailableSuperCharacteristic.m in Sources */,
				6E80892115A605EB00654468 /* AvailableCharacteristic+Factory.m in Sources */,
				6E80892215A605EB00654468 /* AvailableSuperCharacteristic+Factory.m in Sources */,
				6E7CF32015A78BAD00FEF57A /* ChartViewController.m in Sources */,
				6E7CF34115A7B16300FEF57A /* Characteristic.m in Sources */,
				6E7CF34215A7B16300FEF57A /* Characteristic+Factory.m in Sources */,
				6E7CF34315A7B16300FEF57A /* Component.m in Sources */,
				6E7CF34415A7B16300FEF57A /* Component+Factory.m in Sources */,
				6E7CF34515A7B16300FEF57A /* Project.m in Sources */,
				6E7CF34615A7B16300FEF57A /* Project+Factory.m in Sources */,
				6E7CF34815A7B16300FEF57A /* SuperCharacteristic+Factory.m in Sources */,
				6E7CF35115A7B3C500FEF57A /* CoreDataModel.xcdatamodeld in Sources */,
				6E7CF35415A7B3DF00FEF57A /* SuperCharacteristic.m in Sources */,
			);
			runOnlyForDeploymentPostprocessing = 0;
		};
/* End PBXSourcesBuildPhase section */

/* Begin PBXVariantGroup section */
		6E0741CA159474BB000C480E /* InfoPlist.strings */ = {
			isa = PBXVariantGroup;
			children = (
				6E0741CB159474BB000C480E /* en */,
			);
			name = InfoPlist.strings;
			sourceTree = "<group>";
		};
		6E0741D3159474BB000C480E /* MainStoryboard.storyboard */ = {
			isa = PBXVariantGroup;
			children = (
				6E0741D4159474BB000C480E /* en */,
			);
			name = MainStoryboard.storyboard;
			path = SmartSource;
			sourceTree = "<group>";
		};
/* End PBXVariantGroup section */

/* Begin XCBuildConfiguration section */
		6E0741DF159474BB000C480E /* Debug */ = {
			isa = XCBuildConfiguration;
			buildSettings = {
				ALWAYS_SEARCH_USER_PATHS = NO;
				ARCHS = "$(ARCHS_STANDARD_32_BIT)";
				CLANG_ENABLE_OBJC_ARC = YES;
				"CODE_SIGN_IDENTITY[sdk=iphoneos*]" = "iPhone Developer";
				COPY_PHASE_STRIP = NO;
				GCC_C_LANGUAGE_STANDARD = gnu99;
				GCC_DYNAMIC_NO_PIC = NO;
				GCC_OPTIMIZATION_LEVEL = 0;
				GCC_PREPROCESSOR_DEFINITIONS = (
					"DEBUG=1",
					"$(inherited)",
				);
				GCC_SYMBOLS_PRIVATE_EXTERN = NO;
				GCC_VERSION = com.apple.compilers.llvm.clang.1_0;
				GCC_WARN_ABOUT_RETURN_TYPE = YES;
				GCC_WARN_UNINITIALIZED_AUTOS = YES;
				GCC_WARN_UNUSED_VARIABLE = YES;
				IPHONEOS_DEPLOYMENT_TARGET = 5.1;
				SDKROOT = iphoneos;
				TARGETED_DEVICE_FAMILY = 2;
			};
			name = Debug;
		};
		6E0741E0159474BB000C480E /* Release */ = {
			isa = XCBuildConfiguration;
			buildSettings = {
				ALWAYS_SEARCH_USER_PATHS = NO;
				ARCHS = "$(ARCHS_STANDARD_32_BIT)";
				CLANG_ENABLE_OBJC_ARC = YES;
				"CODE_SIGN_IDENTITY[sdk=iphoneos*]" = "iPhone Developer";
				COPY_PHASE_STRIP = YES;
				GCC_C_LANGUAGE_STANDARD = gnu99;
				GCC_VERSION = com.apple.compilers.llvm.clang.1_0;
				GCC_WARN_ABOUT_RETURN_TYPE = YES;
				GCC_WARN_UNINITIALIZED_AUTOS = YES;
				GCC_WARN_UNUSED_VARIABLE = YES;
				IPHONEOS_DEPLOYMENT_TARGET = 5.1;
				OTHER_CFLAGS = "-DNS_BLOCK_ASSERTIONS=1";
				SDKROOT = iphoneos;
				TARGETED_DEVICE_FAMILY = 2;
				VALIDATE_PRODUCT = YES;
			};
			name = Release;
		};
		6E0741E2159474BB000C480E /* Debug */ = {
			isa = XCBuildConfiguration;
			buildSettings = {
				GCC_PRECOMPILE_PREFIX_HEADER = YES;
				GCC_PREFIX_HEADER = "SmartSource/SmartSource-Prefix.pch";
				INFOPLIST_FILE = "SmartSource/SmartSource-Info.plist";
				PRODUCT_NAME = "$(TARGET_NAME)";
				WRAPPER_EXTENSION = app;
			};
			name = Debug;
		};
		6E0741E3159474BB000C480E /* Release */ = {
			isa = XCBuildConfiguration;
			buildSettings = {
				GCC_PRECOMPILE_PREFIX_HEADER = YES;
				GCC_PREFIX_HEADER = "SmartSource/SmartSource-Prefix.pch";
				INFOPLIST_FILE = "SmartSource/SmartSource-Info.plist";
				PRODUCT_NAME = "$(TARGET_NAME)";
				WRAPPER_EXTENSION = app;
			};
			name = Release;
		};
/* End XCBuildConfiguration section */

/* Begin XCConfigurationList section */
		6E0741B5159474BB000C480E /* Build configuration list for PBXProject "SmartSource" */ = {
			isa = XCConfigurationList;
			buildConfigurations = (
				6E0741DF159474BB000C480E /* Debug */,
				6E0741E0159474BB000C480E /* Release */,
			);
			defaultConfigurationIsVisible = 0;
			defaultConfigurationName = Release;
		};
		6E0741E1159474BB000C480E /* Build configuration list for PBXNativeTarget "SmartSource" */ = {
			isa = XCConfigurationList;
			buildConfigurations = (
				6E0741E2159474BB000C480E /* Debug */,
				6E0741E3159474BB000C480E /* Release */,
			);
			defaultConfigurationIsVisible = 0;
			defaultConfigurationName = Release;
		};
/* End XCConfigurationList section */

/* Begin XCVersionGroup section */
		6E7CF34F15A7B3C400FEF57A /* CoreDataModel.xcdatamodeld */ = {
			isa = XCVersionGroup;
			children = (
				6E7CF35015A7B3C500FEF57A /* CoreDataModel.xcdatamodel */,
			);
			currentVersion = 6E7CF35015A7B3C500FEF57A /* CoreDataModel.xcdatamodel */;
			path = CoreDataModel.xcdatamodeld;
			sourceTree = "<group>";
			versionGroupType = wrapper.xcdatamodel;
		};
/* End XCVersionGroup section */
	};
	rootObject = 6E0741B2159474BB000C480E /* Project object */;
}
